
Microsoft Visual Studio Solution File, Format Version 12.00
# Visual Studio 15
VisualStudioVersion = 15.0.28010.2048
MinimumVisualStudioVersion = 10.0.40219.1
Project("{FAE04EC0-301F-11D3-BF4B-00C04F79EFBC}") = "VSMTI_Gradnja_doo", "VSMTI_Gradnja_doo\VSMTI_Gradnja_doo.csproj", "{59F0C294-18E4-4AA1-8704-A677B1DD0B87}"
EndProject
Project("{FAE04EC0-301F-11D3-BF4B-00C04F79EFBC}") = "VGDOO_Vjezba", "VGDOO_Vjezba\VGDOO_Vjezba.csproj", "{C3C366ED-AF5E-4CE7-9F64-D15D7A1F80C3}"
EndProject
Global
	GlobalSection(SolutionConfigurationPlatforms) = preSolution
		Debug|Any CPU = Debug|Any CPU
		Release|Any CPU = Release|Any CPU
	EndGlobalSection
	GlobalSection(ProjectConfigurationPlatforms) = postSolution
		{59F0C294-18E4-4AA1-8704-A677B1DD0B87}.Debug|Any CPU.ActiveCfg = Debug|Any CPU
		{59F0C294-18E4-4AA1-8704-A677B1DD0B87}.Debug|Any CPU.Build.0 = Debug|Any CPU
		{59F0C294-18E4-4AA1-8704-A677B1DD0B87}.Release|Any CPU.ActiveCfg = Release|Any CPU
		{59F0C294-18E4-4AA1-8704-A677B1DD0B87}.Release|Any CPU.Build.0 = Release|Any CPU
		{C3C366ED-AF5E-4CE7-9F64-D15D7A1F80C3}.Debug|Any CPU.ActiveCfg = Debug|Any CPU
		{C3C366ED-AF5E-4CE7-9F64-D15D7A1F80C3}.Debug|Any CPU.Build.0 = Debug|Any CPU
		{C3C366ED-AF5E-4CE7-9F64-D15D7A1F80C3}.Release|Any CPU.ActiveCfg = Release|Any CPU
		{C3C366ED-AF5E-4CE7-9F64-D15D7A1F80C3}.Release|Any CPU.Build.0 = Release|Any CPU
	EndGlobalSection
	GlobalSection(SolutionProperties) = preSolution
		HideSolutionNode = FALSE
	EndGlobalSection
	GlobalSection(ExtensibilityGlobals) = postSolution
		SolutionGuid = {EDF63A14-1369-4679-9A5B-D9562F1B21F1}
	EndGlobalSection
EndGlobal
